
Microsoft Visual Studio Solution File, Format Version 12.00
# Visual Studio Version 16
VisualStudioVersion = 16.0.31911.196
MinimumVisualStudioVersion = 10.0.40219.1
Project("{9A19103F-16F7-4668-BE54-9A1E7A4F7556}") = "Brasileirao.API", "Brasileirao.API\Brasileirao.API.csproj", "{E7DE9945-6D14-4FA5-848C-B137B5AF417C}"
EndProject
Project("{FAE04EC0-301F-11D3-BF4B-00C04F79EFBC}") = "Brasileirao.Domain", "Brasileirao.Domain\Brasileirao.Domain.csproj", "{3D152548-ACE4-46A7-B036-443CBDFC8A9E}"
EndProject
Project("{FAE04EC0-301F-11D3-BF4B-00C04F79EFBC}") = "Brasileirao.Service", "Brasileirao.Service\Brasileirao.Service.csproj", "{26640FBF-97A1-4379-A4E5-D10311FED7CD}"
EndProject
Project("{FAE04EC0-301F-11D3-BF4B-00C04F79EFBC}") = "Brasileirao.Data", "Brasileirao.Data\Brasileirao.Data.csproj", "{2FCF59F7-117E-4196-B0FD-8E8F1BC1DE21}"
EndProject
Project("{FAE04EC0-301F-11D3-BF4B-00C04F79EFBC}") = "Brasileirao.Worker", "Brasileirao.Worker\Brasileirao.Worker.csproj", "{C4956CB3-921C-463E-81C8-A25891C3DF81}"
EndProject
Global
	GlobalSection(SolutionConfigurationPlatforms) = preSolution
		Debug|Any CPU = Debug|Any CPU
		Release|Any CPU = Release|Any CPU
	EndGlobalSection
	GlobalSection(ProjectConfigurationPlatforms) = postSolution
		{E7DE9945-6D14-4FA5-848C-B137B5AF417C}.Debug|Any CPU.ActiveCfg = Debug|Any CPU
		{E7DE9945-6D14-4FA5-848C-B137B5AF417C}.Debug|Any CPU.Build.0 = Debug|Any CPU
		{E7DE9945-6D14-4FA5-848C-B137B5AF417C}.Release|Any CPU.ActiveCfg = Release|Any CPU
		{E7DE9945-6D14-4FA5-848C-B137B5AF417C}.Release|Any CPU.Build.0 = Release|Any CPU
		{3D152548-ACE4-46A7-B036-443CBDFC8A9E}.Debug|Any CPU.ActiveCfg = Debug|Any CPU
		{3D152548-ACE4-46A7-B036-443CBDFC8A9E}.Debug|Any CPU.Build.0 = Debug|Any CPU
		{3D152548-ACE4-46A7-B036-443CBDFC8A9E}.Release|Any CPU.ActiveCfg = Release|Any CPU
		{3D152548-ACE4-46A7-B036-443CBDFC8A9E}.Release|Any CPU.Build.0 = Release|Any CPU
		{26640FBF-97A1-4379-A4E5-D10311FED7CD}.Debug|Any CPU.ActiveCfg = Debug|Any CPU
		{26640FBF-97A1-4379-A4E5-D10311FED7CD}.Debug|Any CPU.Build.0 = Debug|Any CPU
		{26640FBF-97A1-4379-A4E5-D10311FED7CD}.Release|Any CPU.ActiveCfg = Release|Any CPU
		{26640FBF-97A1-4379-A4E5-D10311FED7CD}.Release|Any CPU.Build.0 = Release|Any CPU
		{2FCF59F7-117E-4196-B0FD-8E8F1BC1DE21}.Debug|Any CPU.ActiveCfg = Debug|Any CPU
		{2FCF59F7-117E-4196-B0FD-8E8F1BC1DE21}.Debug|Any CPU.Build.0 = Debug|Any CPU
		{2FCF59F7-117E-4196-B0FD-8E8F1BC1DE21}.Release|Any CPU.ActiveCfg = Release|Any CPU
		{2FCF59F7-117E-4196-B0FD-8E8F1BC1DE21}.Release|Any CPU.Build.0 = Release|Any CPU
		{C4956CB3-921C-463E-81C8-A25891C3DF81}.Debug|Any CPU.ActiveCfg = Debug|Any CPU
		{C4956CB3-921C-463E-81C8-A25891C3DF81}.Debug|Any CPU.Build.0 = Debug|Any CPU
		{C4956CB3-921C-463E-81C8-A25891C3DF81}.Release|Any CPU.ActiveCfg = Release|Any CPU
		{C4956CB3-921C-463E-81C8-A25891C3DF81}.Release|Any CPU.Build.0 = Release|Any CPU
	EndGlobalSection
	GlobalSection(SolutionProperties) = preSolution
		HideSolutionNode = FALSE
	EndGlobalSection
	GlobalSection(ExtensibilityGlobals) = postSolution
		SolutionGuid = {899337E8-8C8E-4252-A3FE-EA153063998A}
	EndGlobalSection
EndGlobal
